
Microsoft Visual Studio Solution File, Format Version 12.00
# Visual Studio Version 16
VisualStudioVersion = 16.0.31112.23
MinimumVisualStudioVersion = 10.0.40219.1
Project("{FAE04EC0-301F-11D3-BF4B-00C04F79EFBC}") = "TBMAutopilotDashboard", "TBMAutopilotDashboard.csproj", "{0773380C-DBFB-47C9-8D0E-DFB47DB8543D}"
EndProject
Project("{FAE04EC0-301F-11D3-BF4B-00C04F79EFBC}") = "MVVMLibraryFW", "..\..\..\Libraries\MVVMLibraryFW\MVVMLibraryFW\MVVMLibraryFW.csproj", "{145D367E-BC05-4A67-8B1F-60BF12663850}"
EndProject
Project("{FAE04EC0-301F-11D3-BF4B-00C04F79EFBC}") = "ArduinoSerialLibrary", "..\..\..\Libraries\ArduinoSerialLibrary\ArduinoSerialLibrary.csproj", "{F9808536-D1B7-4902-B268-BC47EDFE3A0B}"
EndProject
Global
	GlobalSection(SolutionConfigurationPlatforms) = preSolution
		Debug|Any CPU = Debug|Any CPU
		Release|Any CPU = Release|Any CPU
	EndGlobalSection
	GlobalSection(ProjectConfigurationPlatforms) = postSolution
		{0773380C-DBFB-47C9-8D0E-DFB47DB8543D}.Debug|Any CPU.ActiveCfg = Debug|Any CPU
		{0773380C-DBFB-47C9-8D0E-DFB47DB8543D}.Debug|Any CPU.Build.0 = Debug|Any CPU
		{0773380C-DBFB-47C9-8D0E-DFB47DB8543D}.Release|Any CPU.ActiveCfg = Release|Any CPU
		{0773380C-DBFB-47C9-8D0E-DFB47DB8543D}.Release|Any CPU.Build.0 = Release|Any CPU
		{145D367E-BC05-4A67-8B1F-60BF12663850}.Debug|Any CPU.ActiveCfg = Debug|Any CPU
		{145D367E-BC05-4A67-8B1F-60BF12663850}.Debug|Any CPU.Build.0 = Debug|Any CPU
		{145D367E-BC05-4A67-8B1F-60BF12663850}.Release|Any CPU.ActiveCfg = Release|Any CPU
		{145D367E-BC05-4A67-8B1F-60BF12663850}.Release|Any CPU.Build.0 = Release|Any CPU
		{F9808536-D1B7-4902-B268-BC47EDFE3A0B}.Debug|Any CPU.ActiveCfg = Debug|Any CPU
		{F9808536-D1B7-4902-B268-BC47EDFE3A0B}.Debug|Any CPU.Build.0 = Debug|Any CPU
		{F9808536-D1B7-4902-B268-BC47EDFE3A0B}.Release|Any CPU.ActiveCfg = Release|Any CPU
		{F9808536-D1B7-4902-B268-BC47EDFE3A0B}.Release|Any CPU.Build.0 = Release|Any CPU
	EndGlobalSection
	GlobalSection(SolutionProperties) = preSolution
		HideSolutionNode = FALSE
	EndGlobalSection
	GlobalSection(ExtensibilityGlobals) = postSolution
		SolutionGuid = {764465A8-96DC-46DF-B41A-AD59EC4BADE8}
	EndGlobalSection
EndGlobal
